
Microsoft Visual Studio Solution File, Format Version 12.00
# Visual Studio Version 17
VisualStudioVersion = 17.10.35122.118
MinimumVisualStudioVersion = 10.0.40219.1
Project("{FAE04EC0-301F-11D3-BF4B-00C04F79EFBC}") = "ReactiveSheetedTabView", "ReactiveSheetedTabView.csproj", "{D798C228-6584-4B7E-BA44-16145CB6BB59}"
EndProject
Global
	GlobalSection(SolutionConfigurationPlatforms) = preSolution
		Debug|Any CPU = Debug|Any CPU
		Release|Any CPU = Release|Any CPU
	EndGlobalSection
	GlobalSection(ProjectConfigurationPlatforms) = postSolution
		{D798C228-6584-4B7E-BA44-16145CB6BB59}.Debug|Any CPU.ActiveCfg = Debug|Any CPU
		{D798C228-6584-4B7E-BA44-16145CB6BB59}.Debug|Any CPU.Build.0 = Debug|Any CPU
		{D798C228-6584-4B7E-BA44-16145CB6BB59}.Release|Any CPU.ActiveCfg = Release|Any CPU
		{D798C228-6584-4B7E-BA44-16145CB6BB59}.Release|Any CPU.Build.0 = Release|Any CPU
	EndGlobalSection
	GlobalSection(SolutionProperties) = preSolution
		HideSolutionNode = FALSE
	EndGlobalSection
	GlobalSection(ExtensibilityGlobals) = postSolution
		SolutionGuid = {FCC24EFF-B05B-4F37-8683-444A5388A75B}
	EndGlobalSection
EndGlobal
